
Microsoft Visual Studio Solution File, Format Version 12.00
# Visual Studio Version 17
VisualStudioVersion = 17.14.36414.22 d17.14
MinimumVisualStudioVersion = 10.0.40219.1
Project("{FAE04EC0-301F-11D3-BF4B-00C04F79EFBC}") = "VillarazoImageProcessing", "VillarazoImageProcessing\VillarazoImageProcessing.csproj", "{D63E66CA-92F6-4BA4-BD96-C3DED8DEB047}"
EndProject
Global
	GlobalSection(SolutionConfigurationPlatforms) = preSolution
		Debug|Any CPU = Debug|Any CPU
		Release|Any CPU = Release|Any CPU
	EndGlobalSection
	GlobalSection(ProjectConfigurationPlatforms) = postSolution
		{D63E66CA-92F6-4BA4-BD96-C3DED8DEB047}.Debug|Any CPU.ActiveCfg = Debug|Any CPU
		{D63E66CA-92F6-4BA4-BD96-C3DED8DEB047}.Debug|Any CPU.Build.0 = Debug|Any CPU
		{D63E66CA-92F6-4BA4-BD96-C3DED8DEB047}.Release|Any CPU.ActiveCfg = Release|Any CPU
		{D63E66CA-92F6-4BA4-BD96-C3DED8DEB047}.Release|Any CPU.Build.0 = Release|Any CPU
	EndGlobalSection
	GlobalSection(SolutionProperties) = preSolution
		HideSolutionNode = FALSE
	EndGlobalSection
	GlobalSection(ExtensibilityGlobals) = postSolution
		SolutionGuid = {61E1EF9C-1931-46A4-BC4E-95DB1D3A6507}
	EndGlobalSection
EndGlobal
